PODS:
  - FluxxKit (1.0.1)
  - Himotoki (3.0.1)
  - RxCocoa (3.4.1):
    - RxSwift (~> 3.4)
  - RxSwift (3.4.1)

DEPENDENCIES:
  - FluxxKit (from `./../../FluxxKit/`)
  - Himotoki
  - RxCocoa
  - RxSwift

EXTERNAL SOURCES:
  FluxxKit:
    :path: "./../../FluxxKit/"

SPEC CHECKSUMS:
  FluxxKit: 980789327c48f64c3e45c2d2e15780e5b7a1b036
  Himotoki: 85fda41d4d0e14f7228317a3b474175cdfb8f515
  RxCocoa: a8a5f1d061d0043e28f56976829f31ce63e8eb09
  RxSwift: 656f8fbeca5bc372121a72d9ebdd3cd3bc0ffade

PODFILE CHECKSUM: 749a9699c632122dbbf4de05a7f217fbed1aa7e2

COCOAPODS: 1.2.1
