PODS:
  - FluxxKit (1.1.0)
  - Himotoki (3.1.0)
  - RxCocoa (4.0.0):
    - RxSwift (~> 4.0)
  - RxSwift (4.0.0)

DEPENDENCIES:
  - FluxxKit (from `./../../FluxxKit/`)
  - Himotoki
  - RxCocoa
  - RxSwift

EXTERNAL SOURCES:
  FluxxKit:
    :path: "./../../FluxxKit/"

SPEC CHECKSUMS:
  FluxxKit: 8a56fcdb49c5e1204a19d5036732fb84dfd65a6b
  Himotoki: b09643fa5456d49bda43d0fb4e30dfa79e37f72f
  RxCocoa: d62846ca96495d862fa4c59ea7d87e5031d7340e
  RxSwift: fd680d75283beb5e2559486f3c0ff852f0d35334

PODFILE CHECKSUM: 749a9699c632122dbbf4de05a7f217fbed1aa7e2

COCOAPODS: 1.2.1
